
Microsoft Visual Studio Solution File, Format Version 12.00
# Visual Studio Version 17
VisualStudioVersion = 17.8.34004.107
MinimumVisualStudioVersion = 10.0.40219.1
Project("{9A19103F-16F7-4668-BE54-9A1E7A4F7556}") = "AiDotNet", "src\AiDotNet.csproj", "{588E787B-4FCA-4590-9EE7-16750B9E6D3E}"
EndProject
Project("{FAE04EC0-301F-11D3-BF4B-00C04F79EFBC}") = "AiDotNetTestConsole", "testconsole\AiDotNetTestConsole.csproj", "{10A6CCBA-C92B-41CD-87D1-3030FA4CF483}"
EndProject
Project("{FAE04EC0-301F-11D3-BF4B-00C04F79EFBC}") = "AiDotNetUnitTests", "tests\AiDotNetUnitTests.csproj", "{9D9859B0-528F-416A-A908-B96CA11074EC}"
EndProject
Global
	GlobalSection(SolutionConfigurationPlatforms) = preSolution
		Debug|Any CPU = Debug|Any CPU
		Release|Any CPU = Release|Any CPU
	EndGlobalSection
	GlobalSection(ProjectConfigurationPlatforms) = postSolution
		{588E787B-4FCA-4590-9EE7-16750B9E6D3E}.Debug|Any CPU.ActiveCfg = Debug|Any CPU
		{588E787B-4FCA-4590-9EE7-16750B9E6D3E}.Debug|Any CPU.Build.0 = Debug|Any CPU
		{588E787B-4FCA-4590-9EE7-16750B9E6D3E}.Release|Any CPU.ActiveCfg = Release|Any CPU
		{588E787B-4FCA-4590-9EE7-16750B9E6D3E}.Release|Any CPU.Build.0 = Release|Any CPU
		{10A6CCBA-C92B-41CD-87D1-3030FA4CF483}.Debug|Any CPU.ActiveCfg = Debug|Any CPU
		{10A6CCBA-C92B-41CD-87D1-3030FA4CF483}.Debug|Any CPU.Build.0 = Debug|Any CPU
		{10A6CCBA-C92B-41CD-87D1-3030FA4CF483}.Release|Any CPU.ActiveCfg = Release|Any CPU
		{10A6CCBA-C92B-41CD-87D1-3030FA4CF483}.Release|Any CPU.Build.0 = Release|Any CPU
		{9D9859B0-528F-416A-A908-B96CA11074EC}.Debug|Any CPU.ActiveCfg = Debug|Any CPU
		{9D9859B0-528F-416A-A908-B96CA11074EC}.Debug|Any CPU.Build.0 = Debug|Any CPU
		{9D9859B0-528F-416A-A908-B96CA11074EC}.Release|Any CPU.ActiveCfg = Release|Any CPU
		{9D9859B0-528F-416A-A908-B96CA11074EC}.Release|Any CPU.Build.0 = Release|Any CPU
	EndGlobalSection
	GlobalSection(SolutionProperties) = preSolution
		HideSolutionNode = FALSE
	EndGlobalSection
	GlobalSection(ExtensibilityGlobals) = postSolution
		SolutionGuid = {99F5DE1C-2F44-4B2D-B8B3-DEFFC86D2F16}
	EndGlobalSection
EndGlobal
