
Microsoft Visual Studio Solution File, Format Version 12.00
# Visual Studio Version 18
VisualStudioVersion = 18.0.11222.15
MinimumVisualStudioVersion = 10.0.40219.1
Project("{9A19103F-16F7-4668-BE54-9A1E7A4F7556}") = "AiDotNet", "src\AiDotNet.csproj", "{588E787B-4FCA-4590-9EE7-16750B9E6D3E}"
EndProject
Project("{9A19103F-16F7-4668-BE54-9A1E7A4F7556}") = "AiDotNetTestConsole", "testconsole\AiDotNetTestConsole.csproj", "{10A6CCBA-C92B-41CD-87D1-3030FA4CF483}"
EndProject
Project("{9A19103F-16F7-4668-BE54-9A1E7A4F7556}") = "AiDotNetTests", "tests\AiDotNet.Tests\AiDotNetTests.csproj", "{9D9859B0-528F-416A-A908-B96CA11074EC}"
EndProject
Project("{9A19103F-16F7-4668-BE54-9A1E7A4F7556}") = "AiDotNetBenchmarkTests", "AiDotNetBenchmarkTests\AiDotNetBenchmarkTests.csproj", "{42B9395F-DD55-46EB-9AF5-E7837AA5BB1C}"
EndProject
Project("{9A19103F-16F7-4668-BE54-9A1E7A4F7556}") = "AiDotNet.Serving", "src\AiDotNet.Serving\AiDotNet.Serving.csproj", "{E8B7F9A1-3C4D-4E5F-9A7B-8C1D2E3F4A5B}"
EndProject
Project("{9A19103F-16F7-4668-BE54-9A1E7A4F7556}") = "AiDotNet.Serving.Tests", "tests\AiDotNet.Serving.Tests\AiDotNet.Serving.Tests.csproj", "{F9C8E7D6-4B3A-5E2F-8A9B-1D0C3E2F5A4B}"
EndProject
Project("{9A19103F-16F7-4668-BE54-9A1E7A4F7556}") = "AiDotNet.Tensors", "src\AiDotNet.Tensors\AiDotNet.Tensors.csproj", "{6CEC59DF-7EE2-1E0E-6592-40A2A318A5BD}"
EndProject
Project("{2150E333-8FDC-42A3-9474-1A3956D46DE8}") = "src", "src", "{827E0CD3-B72D-47B6-A68D-7590B98EB39B}"
EndProject
Project("{FAE04EC0-301F-11D3-BF4B-00C04F79EFBC}") = "AiDotNet.Dashboard", "src\AiDotNet.Dashboard\AiDotNet.Dashboard.csproj", "{9A6B3126-FDF0-461A-A551-0A3934C1E355}"
EndProject
Project("{2150E333-8FDC-42A3-9474-1A3956D46DE8}") = "tests", "tests", "{0AB3BF05-4346-4AA6-1389-037BE0695223}"
EndProject
Project("{FAE04EC0-301F-11D3-BF4B-00C04F79EFBC}") = "AiDotNet.Tensors.Tests", "tests\AiDotNet.Tensors.Tests\AiDotNet.Tensors.Tests.csproj", "{4B867308-ED79-4768-B8F1-12F939031FA7}"
EndProject
Global
	GlobalSection(SolutionConfigurationPlatforms) = preSolution
		Debug|Any CPU = Debug|Any CPU
		Debug|x64 = Debug|x64
		Debug|x86 = Debug|x86
		Release|Any CPU = Release|Any CPU
		Release|x64 = Release|x64
		Release|x86 = Release|x86
	EndGlobalSection
	GlobalSection(ProjectConfigurationPlatforms) = postSolution
		{588E787B-4FCA-4590-9EE7-16750B9E6D3E}.Debug|Any CPU.ActiveCfg = Debug|Any CPU
		{588E787B-4FCA-4590-9EE7-16750B9E6D3E}.Debug|Any CPU.Build.0 = Debug|Any CPU
		{588E787B-4FCA-4590-9EE7-16750B9E6D3E}.Debug|x64.ActiveCfg = Debug|Any CPU
		{588E787B-4FCA-4590-9EE7-16750B9E6D3E}.Debug|x64.Build.0 = Debug|Any CPU
		{588E787B-4FCA-4590-9EE7-16750B9E6D3E}.Debug|x86.ActiveCfg = Debug|Any CPU
		{588E787B-4FCA-4590-9EE7-16750B9E6D3E}.Debug|x86.Build.0 = Debug|Any CPU
		{588E787B-4FCA-4590-9EE7-16750B9E6D3E}.Release|Any CPU.ActiveCfg = Release|Any CPU
		{588E787B-4FCA-4590-9EE7-16750B9E6D3E}.Release|Any CPU.Build.0 = Release|Any CPU
		{588E787B-4FCA-4590-9EE7-16750B9E6D3E}.Release|x64.ActiveCfg = Release|Any CPU
		{588E787B-4FCA-4590-9EE7-16750B9E6D3E}.Release|x64.Build.0 = Release|Any CPU
		{588E787B-4FCA-4590-9EE7-16750B9E6D3E}.Release|x86.ActiveCfg = Release|Any CPU
		{588E787B-4FCA-4590-9EE7-16750B9E6D3E}.Release|x86.Build.0 = Release|Any CPU
		{10A6CCBA-C92B-41CD-87D1-3030FA4CF483}.Debug|Any CPU.ActiveCfg = Debug|Any CPU
		{10A6CCBA-C92B-41CD-87D1-3030FA4CF483}.Debug|Any CPU.Build.0 = Debug|Any CPU
		{10A6CCBA-C92B-41CD-87D1-3030FA4CF483}.Debug|x64.ActiveCfg = Debug|Any CPU
		{10A6CCBA-C92B-41CD-87D1-3030FA4CF483}.Debug|x64.Build.0 = Debug|Any CPU
		{10A6CCBA-C92B-41CD-87D1-3030FA4CF483}.Debug|x86.ActiveCfg = Debug|Any CPU
		{10A6CCBA-C92B-41CD-87D1-3030FA4CF483}.Debug|x86.Build.0 = Debug|Any CPU
		{10A6CCBA-C92B-41CD-87D1-3030FA4CF483}.Release|Any CPU.ActiveCfg = Release|Any CPU
		{10A6CCBA-C92B-41CD-87D1-3030FA4CF483}.Release|Any CPU.Build.0 = Release|Any CPU
		{10A6CCBA-C92B-41CD-87D1-3030FA4CF483}.Release|x64.ActiveCfg = Release|Any CPU
		{10A6CCBA-C92B-41CD-87D1-3030FA4CF483}.Release|x64.Build.0 = Release|Any CPU
		{10A6CCBA-C92B-41CD-87D1-3030FA4CF483}.Release|x86.ActiveCfg = Release|Any CPU
		{10A6CCBA-C92B-41CD-87D1-3030FA4CF483}.Release|x86.Build.0 = Release|Any CPU
		{9D9859B0-528F-416A-A908-B96CA11074EC}.Debug|Any CPU.ActiveCfg = Debug|Any CPU
		{9D9859B0-528F-416A-A908-B96CA11074EC}.Debug|Any CPU.Build.0 = Debug|Any CPU
		{9D9859B0-528F-416A-A908-B96CA11074EC}.Debug|x64.ActiveCfg = Debug|Any CPU
		{9D9859B0-528F-416A-A908-B96CA11074EC}.Debug|x64.Build.0 = Debug|Any CPU
		{9D9859B0-528F-416A-A908-B96CA11074EC}.Debug|x86.ActiveCfg = Debug|Any CPU
		{9D9859B0-528F-416A-A908-B96CA11074EC}.Debug|x86.Build.0 = Debug|Any CPU
		{9D9859B0-528F-416A-A908-B96CA11074EC}.Release|Any CPU.ActiveCfg = Release|Any CPU
		{9D9859B0-528F-416A-A908-B96CA11074EC}.Release|Any CPU.Build.0 = Release|Any CPU
		{9D9859B0-528F-416A-A908-B96CA11074EC}.Release|x64.ActiveCfg = Release|Any CPU
		{9D9859B0-528F-416A-A908-B96CA11074EC}.Release|x64.Build.0 = Release|Any CPU
		{9D9859B0-528F-416A-A908-B96CA11074EC}.Release|x86.ActiveCfg = Release|Any CPU
		{9D9859B0-528F-416A-A908-B96CA11074EC}.Release|x86.Build.0 = Release|Any CPU
		{42B9395F-DD55-46EB-9AF5-E7837AA5BB1C}.Debug|Any CPU.ActiveCfg = Debug|Any CPU
		{42B9395F-DD55-46EB-9AF5-E7837AA5BB1C}.Debug|Any CPU.Build.0 = Debug|Any CPU
		{42B9395F-DD55-46EB-9AF5-E7837AA5BB1C}.Debug|x64.ActiveCfg = Debug|Any CPU
		{42B9395F-DD55-46EB-9AF5-E7837AA5BB1C}.Debug|x64.Build.0 = Debug|Any CPU
		{42B9395F-DD55-46EB-9AF5-E7837AA5BB1C}.Debug|x86.ActiveCfg = Debug|Any CPU
		{42B9395F-DD55-46EB-9AF5-E7837AA5BB1C}.Debug|x86.Build.0 = Debug|Any CPU
		{42B9395F-DD55-46EB-9AF5-E7837AA5BB1C}.Release|Any CPU.ActiveCfg = Release|Any CPU
		{42B9395F-DD55-46EB-9AF5-E7837AA5BB1C}.Release|Any CPU.Build.0 = Release|Any CPU
		{42B9395F-DD55-46EB-9AF5-E7837AA5BB1C}.Release|x64.ActiveCfg = Release|Any CPU
		{42B9395F-DD55-46EB-9AF5-E7837AA5BB1C}.Release|x64.Build.0 = Release|Any CPU
		{42B9395F-DD55-46EB-9AF5-E7837AA5BB1C}.Release|x86.ActiveCfg = Release|Any CPU
		{42B9395F-DD55-46EB-9AF5-E7837AA5BB1C}.Release|x86.Build.0 = Release|Any CPU
		{E8B7F9A1-3C4D-4E5F-9A7B-8C1D2E3F4A5B}.Debug|Any CPU.ActiveCfg = Debug|Any CPU
		{E8B7F9A1-3C4D-4E5F-9A7B-8C1D2E3F4A5B}.Debug|Any CPU.Build.0 = Debug|Any CPU
		{E8B7F9A1-3C4D-4E5F-9A7B-8C1D2E3F4A5B}.Debug|x64.ActiveCfg = Debug|Any CPU
		{E8B7F9A1-3C4D-4E5F-9A7B-8C1D2E3F4A5B}.Debug|x64.Build.0 = Debug|Any CPU
		{E8B7F9A1-3C4D-4E5F-9A7B-8C1D2E3F4A5B}.Debug|x86.ActiveCfg = Debug|Any CPU
		{E8B7F9A1-3C4D-4E5F-9A7B-8C1D2E3F4A5B}.Debug|x86.Build.0 = Debug|Any CPU
		{E8B7F9A1-3C4D-4E5F-9A7B-8C1D2E3F4A5B}.Release|Any CPU.ActiveCfg = Release|Any CPU
		{E8B7F9A1-3C4D-4E5F-9A7B-8C1D2E3F4A5B}.Release|Any CPU.Build.0 = Release|Any CPU
		{E8B7F9A1-3C4D-4E5F-9A7B-8C1D2E3F4A5B}.Release|x64.ActiveCfg = Release|Any CPU
		{E8B7F9A1-3C4D-4E5F-9A7B-8C1D2E3F4A5B}.Release|x64.Build.0 = Release|Any CPU
		{E8B7F9A1-3C4D-4E5F-9A7B-8C1D2E3F4A5B}.Release|x86.ActiveCfg = Release|Any CPU
		{E8B7F9A1-3C4D-4E5F-9A7B-8C1D2E3F4A5B}.Release|x86.Build.0 = Release|Any CPU
		{F9C8E7D6-4B3A-5E2F-8A9B-1D0C3E2F5A4B}.Debug|Any CPU.ActiveCfg = Debug|Any CPU
		{F9C8E7D6-4B3A-5E2F-8A9B-1D0C3E2F5A4B}.Debug|Any CPU.Build.0 = Debug|Any CPU
		{F9C8E7D6-4B3A-5E2F-8A9B-1D0C3E2F5A4B}.Debug|x64.ActiveCfg = Debug|Any CPU
		{F9C8E7D6-4B3A-5E2F-8A9B-1D0C3E2F5A4B}.Debug|x64.Build.0 = Debug|Any CPU
		{F9C8E7D6-4B3A-5E2F-8A9B-1D0C3E2F5A4B}.Debug|x86.ActiveCfg = Debug|Any CPU
		{F9C8E7D6-4B3A-5E2F-8A9B-1D0C3E2F5A4B}.Debug|x86.Build.0 = Debug|Any CPU
		{F9C8E7D6-4B3A-5E2F-8A9B-1D0C3E2F5A4B}.Release|Any CPU.ActiveCfg = Release|Any CPU
		{F9C8E7D6-4B3A-5E2F-8A9B-1D0C3E2F5A4B}.Release|Any CPU.Build.0 = Release|Any CPU
		{F9C8E7D6-4B3A-5E2F-8A9B-1D0C3E2F5A4B}.Release|x64.ActiveCfg = Release|Any CPU
		{F9C8E7D6-4B3A-5E2F-8A9B-1D0C3E2F5A4B}.Release|x64.Build.0 = Release|Any CPU
		{F9C8E7D6-4B3A-5E2F-8A9B-1D0C3E2F5A4B}.Release|x86.ActiveCfg = Release|Any CPU
		{F9C8E7D6-4B3A-5E2F-8A9B-1D0C3E2F5A4B}.Release|x86.Build.0 = Release|Any CPU
		{6CEC59DF-7EE2-1E0E-6592-40A2A318A5BD}.Debug|Any CPU.ActiveCfg = Debug|Any CPU
		{6CEC59DF-7EE2-1E0E-6592-40A2A318A5BD}.Debug|Any CPU.Build.0 = Debug|Any CPU
		{6CEC59DF-7EE2-1E0E-6592-40A2A318A5BD}.Debug|x64.ActiveCfg = Debug|Any CPU
		{6CEC59DF-7EE2-1E0E-6592-40A2A318A5BD}.Debug|x64.Build.0 = Debug|Any CPU
		{6CEC59DF-7EE2-1E0E-6592-40A2A318A5BD}.Debug|x86.ActiveCfg = Debug|Any CPU
		{6CEC59DF-7EE2-1E0E-6592-40A2A318A5BD}.Debug|x86.Build.0 = Debug|Any CPU
		{6CEC59DF-7EE2-1E0E-6592-40A2A318A5BD}.Release|Any CPU.ActiveCfg = Release|Any CPU
		{6CEC59DF-7EE2-1E0E-6592-40A2A318A5BD}.Release|Any CPU.Build.0 = Release|Any CPU
		{6CEC59DF-7EE2-1E0E-6592-40A2A318A5BD}.Release|x64.ActiveCfg = Release|Any CPU
		{6CEC59DF-7EE2-1E0E-6592-40A2A318A5BD}.Release|x64.Build.0 = Release|Any CPU
		{6CEC59DF-7EE2-1E0E-6592-40A2A318A5BD}.Release|x86.ActiveCfg = Release|Any CPU
		{6CEC59DF-7EE2-1E0E-6592-40A2A318A5BD}.Release|x86.Build.0 = Release|Any CPU
		{9A6B3126-FDF0-461A-A551-0A3934C1E355}.Debug|Any CPU.ActiveCfg = Debug|Any CPU
		{9A6B3126-FDF0-461A-A551-0A3934C1E355}.Debug|Any CPU.Build.0 = Debug|Any CPU
		{9A6B3126-FDF0-461A-A551-0A3934C1E355}.Debug|x64.ActiveCfg = Debug|Any CPU
		{9A6B3126-FDF0-461A-A551-0A3934C1E355}.Debug|x64.Build.0 = Debug|Any CPU
		{9A6B3126-FDF0-461A-A551-0A3934C1E355}.Debug|x86.ActiveCfg = Debug|Any CPU
		{9A6B3126-FDF0-461A-A551-0A3934C1E355}.Debug|x86.Build.0 = Debug|Any CPU
		{9A6B3126-FDF0-461A-A551-0A3934C1E355}.Release|Any CPU.ActiveCfg = Release|Any CPU
		{9A6B3126-FDF0-461A-A551-0A3934C1E355}.Release|Any CPU.Build.0 = Release|Any CPU
		{9A6B3126-FDF0-461A-A551-0A3934C1E355}.Release|x64.ActiveCfg = Release|Any CPU
		{9A6B3126-FDF0-461A-A551-0A3934C1E355}.Release|x64.Build.0 = Release|Any CPU
		{9A6B3126-FDF0-461A-A551-0A3934C1E355}.Release|x86.ActiveCfg = Release|Any CPU
		{9A6B3126-FDF0-461A-A551-0A3934C1E355}.Release|x86.Build.0 = Release|Any CPU
		{4B867308-ED79-4768-B8F1-12F939031FA7}.Debug|Any CPU.ActiveCfg = Debug|Any CPU
		{4B867308-ED79-4768-B8F1-12F939031FA7}.Debug|Any CPU.Build.0 = Debug|Any CPU
		{4B867308-ED79-4768-B8F1-12F939031FA7}.Debug|x64.ActiveCfg = Debug|Any CPU
		{4B867308-ED79-4768-B8F1-12F939031FA7}.Debug|x64.Build.0 = Debug|Any CPU
		{4B867308-ED79-4768-B8F1-12F939031FA7}.Debug|x86.ActiveCfg = Debug|Any CPU
		{4B867308-ED79-4768-B8F1-12F939031FA7}.Debug|x86.Build.0 = Debug|Any CPU
		{4B867308-ED79-4768-B8F1-12F939031FA7}.Release|Any CPU.ActiveCfg = Release|Any CPU
		{4B867308-ED79-4768-B8F1-12F939031FA7}.Release|Any CPU.Build.0 = Release|Any CPU
		{4B867308-ED79-4768-B8F1-12F939031FA7}.Release|x64.ActiveCfg = Release|Any CPU
		{4B867308-ED79-4768-B8F1-12F939031FA7}.Release|x64.Build.0 = Release|Any CPU
		{4B867308-ED79-4768-B8F1-12F939031FA7}.Release|x86.ActiveCfg = Release|Any CPU
		{4B867308-ED79-4768-B8F1-12F939031FA7}.Release|x86.Build.0 = Release|Any CPU
	EndGlobalSection
	GlobalSection(SolutionProperties) = preSolution
		HideSolutionNode = FALSE
	EndGlobalSection
	GlobalSection(NestedProjects) = preSolution
		{9A6B3126-FDF0-461A-A551-0A3934C1E355} = {827E0CD3-B72D-47B6-A68D-7590B98EB39B}
		{4B867308-ED79-4768-B8F1-12F939031FA7} = {0AB3BF05-4346-4AA6-1389-037BE0695223}
	EndGlobalSection
	GlobalSection(ExtensibilityGlobals) = postSolution
		SolutionGuid = {99F5DE1C-2F44-4B2D-B8B3-DEFFC86D2F16}
	EndGlobalSection
EndGlobal
